
Microsoft Visual Studio Solution File, Format Version 11.00
# Visual Studio 2010
Project("{8BC9CEB8-8B4A-11D0-8D11-00A0C91BC942}") = "Server", "Server\Server.vcxproj", "{62F06A88-FFDE-472E-DCA9-D3404E998874}"
	ProjectSection(ProjectDependencies) = postProject
		{F08204D5-AE1E-F00C-C4FD-C4169E3FB250} = {F08204D5-AE1E-F00C-C4FD-C4169E3FB250}
	EndProjectSection
EndProject
Project("{8BC9CEB8-8B4A-11D0-8D11-00A0C91BC942}") = "srvSupport", "Server\srvSupport.vcxproj", "{F08204D5-AE1E-F00C-C4FD-C4169E3FB250}"
EndProject
Global
	GlobalSection(SolutionConfigurationPlatforms) = preSolution
		Debug|Win32 = Debug|Win32
		Release|Win32 = Release|Win32
		Template|Win32 = Template|Win32
	EndGlobalSection
	GlobalSection(ProjectConfigurationPlatforms) = postSolution
		{62F06A88-FFDE-472E-DCA9-D3404E998874}.Debug|Win32.ActiveCfg = Debug|Win32
		{62F06A88-FFDE-472E-DCA9-D3404E998874}.Debug|Win32.Build.0 = Debug|Win32
		{62F06A88-FFDE-472E-DCA9-D3404E998874}.Release|Win32.ActiveCfg = Release|Win32
		{62F06A88-FFDE-472E-DCA9-D3404E998874}.Release|Win32.Build.0 = Release|Win32
		{62F06A88-FFDE-472E-DCA9-D3404E998874}.Template|Win32.ActiveCfg = Release|Win32
		{F08204D5-AE1E-F00C-C4FD-C4169E3FB250}.Debug|Win32.ActiveCfg = Debug|Win32
		{F08204D5-AE1E-F00C-C4FD-C4169E3FB250}.Debug|Win32.Build.0 = Debug|Win32
		{F08204D5-AE1E-F00C-C4FD-C4169E3FB250}.Release|Win32.ActiveCfg = Release|Win32
		{F08204D5-AE1E-F00C-C4FD-C4169E3FB250}.Release|Win32.Build.0 = Release|Win32
		{F08204D5-AE1E-F00C-C4FD-C4169E3FB250}.Template|Win32.ActiveCfg = Release|Win32
	EndGlobalSection
	GlobalSection(SolutionProperties) = preSolution
		HideSolutionNode = FALSE
	EndGlobalSection
EndGlobal
