<?xml version="1.0" encoding="utf-8"?>
<Project ToolsVersion="4.0" xmlns="http://schemas.microsoft.com/developer/msbuild/2003">
  <ItemGroup>
    <Filter Include="Source Files">
      <UniqueIdentifier>{5b46bc05-bb4a-49b6-af0b-abdbdaa4b81d}</UniqueIdentifier>
      <Extensions>cpp;c;cxx;rc;def;r;odl;idl;hpj;bat</Extensions>
    </Filter>
    <Filter Include="Header Files">
      <UniqueIdentifier>{7a0b21f6-46f7-4c33-a385-4859c1e02fd6}</UniqueIdentifier>
      <Extensions>h;hpp;hxx;hm;inl</Extensions>
    </Filter>
    <Filter Include="Resource Files">
      <UniqueIdentifier>{20024c57-3285-4356-a798-7d463d30753c}</UniqueIdentifier>
      <Extensions>ico;cur;bmp;dlg;rc2;rct;bin;rgs;gif;jpg;jpeg;jpe</Extensions>
    </Filter>
  </ItemGroup>
  <ItemGroup>
    <ClCompile Include="GameServer.cpp">
      <Filter>Source Files</Filter>
    </ClCompile>
    <ClCompile Include="StdAfx.cpp">
      <Filter>Source Files</Filter>
    </ClCompile>
    <ClCompile Include="tinyxml2.cpp">
      <Filter>Source Files</Filter>
    </ClCompile>
    <ClCompile Include="ServerSite.cpp">
      <Filter>Source Files</Filter>
    </ClCompile>
    <ClCompile Include="GameLogiProtBuf.cpp">
      <Filter>Source Files</Filter>
    </ClCompile>
    <ClCompile Include="CharSetHelper.cpp">
      <Filter>Source Files</Filter>
    </ClCompile>
    <ClCompile Include="Log.cpp">
      <Filter>Source Files</Filter>
    </ClCompile>
    <ClCompile Include="GameLogicalImpl.cpp">
      <Filter>Source Files</Filter>
    </ClCompile>
    <ClCompile Include="Monster.cpp">
      <Filter>Source Files</Filter>
    </ClCompile>
    <ClCompile Include="MonsterManager.cpp">
      <Filter>Source Files</Filter>
    </ClCompile>
    <ClCompile Include="MathAide.cpp">
      <Filter>Source Files</Filter>
    </ClCompile>
    <ClCompile Include="PlayerIOEventImpl.cpp">
      <Filter>Source Files</Filter>
    </ClCompile>
    <ClCompile Include="Protocol\GameMessage.pb.cc">
      <Filter>Source Files</Filter>
    </ClCompile>
    <ClCompile Include="Statistic.cpp">
      <Filter>Source Files</Filter>
    </ClCompile>
    <ClCompile Include="GameConfig.cpp">
      <Filter>Source Files</Filter>
    </ClCompile>
    <ClCompile Include="GameLogi.cpp">
      <Filter>Source Files</Filter>
    </ClCompile>
    <ClCompile Include="StatisticMgr.cpp">
      <Filter>Source Files</Filter>
    </ClCompile>
    <ClCompile Include="GameConfigMgr.cpp">
      <Filter>Source Files</Filter>
    </ClCompile>
    <ClCompile Include="MT19937.cpp">
      <Filter>Source Files</Filter>
    </ClCompile>
    <ClCompile Include="CMD5.cpp">
      <Filter>Source Files</Filter>
    </ClCompile>
    <ClCompile Include="ZMD5\ZMD5.cpp">
      <Filter>Source Files</Filter>
    </ClCompile>
  </ItemGroup>
  <ItemGroup>
    <ResourceCompile Include="Server.rc">
      <Filter>Source Files</Filter>
    </ResourceCompile>
  </ItemGroup>
  <ItemGroup>
    <ClInclude Include="GameLogi.h">
      <Filter>Header Files</Filter>
    </ClInclude>
    <ClInclude Include="GameServer.h">
      <Filter>Header Files</Filter>
    </ClInclude>
    <ClInclude Include="Resource.h">
      <Filter>Header Files</Filter>
    </ClInclude>
    <ClInclude Include="StdAfx.h">
      <Filter>Header Files</Filter>
    </ClInclude>
    <ClInclude Include="..\transStruct.h">
      <Filter>Header Files</Filter>
    </ClInclude>
    <ClInclude Include="CMD_Game.h">
      <Filter>Header Files</Filter>
    </ClInclude>
    <ClInclude Include="GameConfig.h">
      <Filter>Header Files</Filter>
    </ClInclude>
    <ClInclude Include="tinyxml2.h">
      <Filter>Header Files</Filter>
    </ClInclude>
    <ClInclude Include="ServerSite.h">
      <Filter>Header Files</Filter>
    </ClInclude>
    <ClInclude Include="CharSetHelper.h">
      <Filter>Header Files</Filter>
    </ClInclude>
    <ClInclude Include="ShareStruct.h">
      <Filter>Header Files</Filter>
    </ClInclude>
    <ClInclude Include="GameUtility.h">
      <Filter>Header Files</Filter>
    </ClInclude>
    <ClInclude Include="Log.h">
      <Filter>Header Files</Filter>
    </ClInclude>
    <ClInclude Include="Monster.h">
      <Filter>Header Files</Filter>
    </ClInclude>
    <ClInclude Include="MonsterManager.h">
      <Filter>Header Files</Filter>
    </ClInclude>
    <ClInclude Include="MathAide.h">
      <Filter>Header Files</Filter>
    </ClInclude>
    <ClInclude Include="Protocol\GameMessage.pb.h">
      <Filter>Header Files</Filter>
    </ClInclude>
    <ClInclude Include="Protocol\GameMessageTags.h">
      <Filter>Header Files</Filter>
    </ClInclude>
    <ClInclude Include="Statistic.h">
      <Filter>Header Files</Filter>
    </ClInclude>
    <ClInclude Include="StatisticMgr.h">
      <Filter>Header Files</Filter>
    </ClInclude>
    <ClInclude Include="MT19937.h">
      <Filter>Header Files</Filter>
    </ClInclude>
    <ClInclude Include="CMD5.h">
      <Filter>Header Files</Filter>
    </ClInclude>
    <ClInclude Include="ZMD5\ZMD5.h">
      <Filter>Header Files</Filter>
    </ClInclude>
  </ItemGroup>
  <ItemGroup>
    <CustomBuild Include="res\Server.rc2">
      <Filter>Resource Files</Filter>
    </CustomBuild>
    <CustomBuild Include="ReadMe.txt" />
  </ItemGroup>
</Project>